
Microsoft Visual Studio Solution File, Format Version 12.00
# Visual Studio Version 17
VisualStudioVersion = 17.3.32819.101
MinimumVisualStudioVersion = 10.0.40219.1
Project("{FAE04EC0-301F-11D3-BF4B-00C04F79EFBC}") = "MS_SQL", "ConsoleApp1\MS_SQL.csproj", "{8F43C561-777B-4450-BB04-5D9416AE4613}"
EndProject
Global
	GlobalSection(SolutionConfigurationPlatforms) = preSolution
		Debug|Any CPU = Debug|Any CPU
		Release|Any CPU = Release|Any CPU
	EndGlobalSection
	GlobalSection(ProjectConfigurationPlatforms) = postSolution
		{8F43C561-777B-4450-BB04-5D9416AE4613}.Debug|Any CPU.ActiveCfg = Debug|Any CPU
		{8F43C561-777B-4450-BB04-5D9416AE4613}.Debug|Any CPU.Build.0 = Debug|Any CPU
		{8F43C561-777B-4450-BB04-5D9416AE4613}.Release|Any CPU.ActiveCfg = Release|Any CPU
		{8F43C561-777B-4450-BB04-5D9416AE4613}.Release|Any CPU.Build.0 = Release|Any CPU
	EndGlobalSection
	GlobalSection(SolutionProperties) = preSolution
		HideSolutionNode = FALSE
	EndGlobalSection
	GlobalSection(ExtensibilityGlobals) = postSolution
		SolutionGuid = {57160925-AB02-40ED-972A-C8E33FDA5946}
	EndGlobalSection
EndGlobal
